
Microsoft Visual Studio Solution File, Format Version 12.00
# Visual Studio 14
VisualStudioVersion = 14.0.25420.1
MinimumVisualStudioVersion = 10.0.40219.1
Project("{FAE04EC0-301F-11D3-BF4B-00C04F79EFBC}") = "EcapPipeline", "EcapPipeline\EcapPipeline.csproj", "{A126F216-83E8-4F62-A250-8E6A479E64B1}"
EndProject
Project("{FAE04EC0-301F-11D3-BF4B-00C04F79EFBC}") = "DtoValidation", "DtoValidation\DtoValidation.csproj", "{FDE35CC0-6724-4F69-8134-3B8D1E9F0D95}"
EndProject
Project("{FAE04EC0-301F-11D3-BF4B-00C04F79EFBC}") = "Repository", "Repository\Repository.csproj", "{A505EB9A-BB38-42A4-8200-09693CB3BC4A}"
EndProject
Global
	GlobalSection(SolutionConfigurationPlatforms) = preSolution
		Debug|Any CPU = Debug|Any CPU
		Release|Any CPU = Release|Any CPU
	EndGlobalSection
	GlobalSection(ProjectConfigurationPlatforms) = postSolution
		{A126F216-83E8-4F62-A250-8E6A479E64B1}.Debug|Any CPU.ActiveCfg = Debug|Any CPU
		{A126F216-83E8-4F62-A250-8E6A479E64B1}.Debug|Any CPU.Build.0 = Debug|Any CPU
		{A126F216-83E8-4F62-A250-8E6A479E64B1}.Release|Any CPU.ActiveCfg = Release|Any CPU
		{A126F216-83E8-4F62-A250-8E6A479E64B1}.Release|Any CPU.Build.0 = Release|Any CPU
		{FDE35CC0-6724-4F69-8134-3B8D1E9F0D95}.Debug|Any CPU.ActiveCfg = Debug|Any CPU
		{FDE35CC0-6724-4F69-8134-3B8D1E9F0D95}.Debug|Any CPU.Build.0 = Debug|Any CPU
		{FDE35CC0-6724-4F69-8134-3B8D1E9F0D95}.Release|Any CPU.ActiveCfg = Release|Any CPU
		{FDE35CC0-6724-4F69-8134-3B8D1E9F0D95}.Release|Any CPU.Build.0 = Release|Any CPU
		{A505EB9A-BB38-42A4-8200-09693CB3BC4A}.Debug|Any CPU.ActiveCfg = Debug|Any CPU
		{A505EB9A-BB38-42A4-8200-09693CB3BC4A}.Debug|Any CPU.Build.0 = Debug|Any CPU
		{A505EB9A-BB38-42A4-8200-09693CB3BC4A}.Release|Any CPU.ActiveCfg = Release|Any CPU
		{A505EB9A-BB38-42A4-8200-09693CB3BC4A}.Release|Any CPU.Build.0 = Release|Any CPU
	EndGlobalSection
	GlobalSection(SolutionProperties) = preSolution
		HideSolutionNode = FALSE
	EndGlobalSection
EndGlobal
